
Microsoft Visual Studio Solution File, Format Version 12.00
# Visual Studio Version 17
VisualStudioVersion = 17.0.31903.59
MinimumVisualStudioVersion = 10.0.40219.1
Project("{9A19103F-16F7-4668-BE54-9A1E7A4F7556}") = "OopSandbox", "OopSandbox\OopSandbox.csproj", "{D229848A-7471-42CD-9298-F90A622036D6}"
EndProject
Project("{FAE04EC0-301F-11D3-BF4B-00C04F79EFBC}") = "EncapsulationDemo", "EncapsulationDemo\EncapsulationDemo.csproj", "{6A8344C2-5BCF-424E-A966-26380485322D}"
EndProject
Project("{FAE04EC0-301F-11D3-BF4B-00C04F79EFBC}") = "InheritanceDemo", "InheritanceDemo\InheritanceDemo.csproj", "{CDA60D47-5499-4FB3-A6DC-28F1B7C27D7C}"
EndProject
Global
	GlobalSection(SolutionConfigurationPlatforms) = preSolution
		Debug|Any CPU = Debug|Any CPU
		Release|Any CPU = Release|Any CPU
	EndGlobalSection
	GlobalSection(ProjectConfigurationPlatforms) = postSolution
		{D229848A-7471-42CD-9298-F90A622036D6}.Debug|Any CPU.ActiveCfg = Debug|Any CPU
		{D229848A-7471-42CD-9298-F90A622036D6}.Debug|Any CPU.Build.0 = Debug|Any CPU
		{D229848A-7471-42CD-9298-F90A622036D6}.Release|Any CPU.ActiveCfg = Release|Any CPU
		{D229848A-7471-42CD-9298-F90A622036D6}.Release|Any CPU.Build.0 = Release|Any CPU
		{6A8344C2-5BCF-424E-A966-26380485322D}.Debug|Any CPU.ActiveCfg = Debug|Any CPU
		{6A8344C2-5BCF-424E-A966-26380485322D}.Debug|Any CPU.Build.0 = Debug|Any CPU
		{6A8344C2-5BCF-424E-A966-26380485322D}.Release|Any CPU.ActiveCfg = Release|Any CPU
		{6A8344C2-5BCF-424E-A966-26380485322D}.Release|Any CPU.Build.0 = Release|Any CPU
		{CDA60D47-5499-4FB3-A6DC-28F1B7C27D7C}.Debug|Any CPU.ActiveCfg = Debug|Any CPU
		{CDA60D47-5499-4FB3-A6DC-28F1B7C27D7C}.Debug|Any CPU.Build.0 = Debug|Any CPU
		{CDA60D47-5499-4FB3-A6DC-28F1B7C27D7C}.Release|Any CPU.ActiveCfg = Release|Any CPU
		{CDA60D47-5499-4FB3-A6DC-28F1B7C27D7C}.Release|Any CPU.Build.0 = Release|Any CPU
	EndGlobalSection
	GlobalSection(SolutionProperties) = preSolution
		HideSolutionNode = FALSE
	EndGlobalSection
	GlobalSection(ExtensibilityGlobals) = postSolution
		SolutionGuid = {B508DE27-6469-4E9D-BC27-3BEDFE11EE22}
	EndGlobalSection
EndGlobal
